
Microsoft Visual Studio Solution File, Format Version 12.00
# Visual Studio Version 17
VisualStudioVersion = 17.5.33424.131
MinimumVisualStudioVersion = 10.0.40219.1
Project("{FAE04EC0-301F-11D3-BF4B-00C04F79EFBC}") = "DependensInjection", "DependensInjection\DependensInjection.csproj", "{BA8B825B-9C63-425E-BE5A-D7F331F1730C}"
EndProject
Global
	GlobalSection(SolutionConfigurationPlatforms) = preSolution
		Debug|Any CPU = Debug|Any CPU
		Release|Any CPU = Release|Any CPU
	EndGlobalSection
	GlobalSection(ProjectConfigurationPlatforms) = postSolution
		{BA8B825B-9C63-425E-BE5A-D7F331F1730C}.Debug|Any CPU.ActiveCfg = Debug|Any CPU
		{BA8B825B-9C63-425E-BE5A-D7F331F1730C}.Debug|Any CPU.Build.0 = Debug|Any CPU
		{BA8B825B-9C63-425E-BE5A-D7F331F1730C}.Release|Any CPU.ActiveCfg = Release|Any CPU
		{BA8B825B-9C63-425E-BE5A-D7F331F1730C}.Release|Any CPU.Build.0 = Release|Any CPU
	EndGlobalSection
	GlobalSection(SolutionProperties) = preSolution
		HideSolutionNode = FALSE
	EndGlobalSection
	GlobalSection(ExtensibilityGlobals) = postSolution
		SolutionGuid = {9AD02A67-6D15-4AB2-8B2C-3EE76434E87D}
	EndGlobalSection
EndGlobal
